// !$*UTF8*$!
{
	archiveVersion = 1;
	classes = {
	};
	objectVersion = 55;
	objects = {

/* Begin PBXBuildFile section */
		04418985272930E300E30ADD /* PapagoAPIManager.swift in Sources */ = {isa = PBXBuildFile; fileRef = 04418984272930E300E30ADD /* PapagoAPIManager.swift */; };
		0443DC2727264457007397D6 /* AppDelegate.swift in Sources */ = {isa = PBXBuildFile; fileRef = 0443DC2627264457007397D6 /* AppDelegate.swift */; };
		0443DC2927264457007397D6 /* SceneDelegate.swift in Sources */ = {isa = PBXBuildFile; fileRef = 0443DC2827264457007397D6 /* SceneDelegate.swift */; };
		0443DC2E27264457007397D6 /* Main.storyboard in Resources */ = {isa = PBXBuildFile; fileRef = 0443DC2C27264457007397D6 /* Main.storyboard */; };
		0443DC302726445A007397D6 /* Assets.xcassets in Resources */ = {isa = PBXBuildFile; fileRef = 0443DC2F2726445A007397D6 /* Assets.xcassets */; };
		0443DC332726445A007397D6 /* LaunchScreen.storyboard in Resources */ = {isa = PBXBuildFile; fileRef = 0443DC312726445A007397D6 /* LaunchScreen.storyboard */; };
		0443DC3C272644A8007397D6 /* Alamofire in Frameworks */ = {isa = PBXBuildFile; productRef = 0443DC3B272644A8007397D6 /* Alamofire */; };
		0443DC3F272644F7007397D6 /* SwiftyJSON in Frameworks */ = {isa = PBXBuildFile; productRef = 0443DC3E272644F7007397D6 /* SwiftyJSON */; };
		0443DC41272687BE007397D6 /* OpenWeatherMapViewController.swift in Sources */ = {isa = PBXBuildFile; fileRef = 0443DC40272687BE007397D6 /* OpenWeatherMapViewController.swift */; };
		0443DC432726C629007397D6 /* AlertExtension.swift in Sources */ = {isa = PBXBuildFile; fileRef = 0443DC422726C629007397D6 /* AlertExtension.swift */; };
		0443DC6F27278525007397D6 /* ViewController.swift in Sources */ = {isa = PBXBuildFile; fileRef = 0443DC6E27278525007397D6 /* ViewController.swift */; };
		0443DC73272786D1007397D6 /* NewViewController.swift in Sources */ = {isa = PBXBuildFile; fileRef = 0443DC72272786D1007397D6 /* NewViewController.swift */; };
		0443DC752727927A007397D6 /* PapagoViewController.swift in Sources */ = {isa = PBXBuildFile; fileRef = 0443DC742727927A007397D6 /* PapagoViewController.swift */; };
		048E30E42727F10500F95A43 /* Kingfisher in Frameworks */ = {isa = PBXBuildFile; productRef = 048E30E32727F10500F95A43 /* Kingfisher */; };
		048E30E62728EA5300F95A43 /* KakaoViewController.swift in Sources */ = {isa = PBXBuildFile; fileRef = 048E30E52728EA5300F95A43 /* KakaoViewController.swift */; };
		048E30E82728EAB000F95A43 /* Constants.swift in Sources */ = {isa = PBXBuildFile; fileRef = 048E30E72728EAB000F95A43 /* Constants.swift */; };
		048E30EA2728EC7100F95A43 /* VisionAPIManager.swift in Sources */ = {isa = PBXBuildFile; fileRef = 048E30E92728EC7100F95A43 /* VisionAPIManager.swift */; };
/* End PBXBuildFile section */

/* Begin PBXFileReference section */
		04418984272930E300E30ADD /* PapagoAPIManager.swift */ = {isa = PBXFileReference; lastKnownFileType = sourcecode.swift; path = PapagoAPIManager.swift; sourceTree = "<group>"; };
		0443DC2327264457007397D6 /* SeSSAC-WEEK5-CLASS.app */ = {isa = PBXFileReference; explicitFileType = wrapper.application; includeInIndex = 0; path = "SeSSAC-WEEK5-CLASS.app"; sourceTree = BUILT_PRODUCTS_DIR; };
		0443DC2627264457007397D6 /* AppDelegate.swift */ = {isa = PBXFileReference; lastKnownFileType = sourcecode.swift; path = AppDelegate.swift; sourceTree = "<group>"; };
		0443DC2827264457007397D6 /* SceneDelegate.swift */ = {isa = PBXFileReference; lastKnownFileType = sourcecode.swift; path = SceneDelegate.swift; sourceTree = "<group>"; };
		0443DC2D27264457007397D6 /* Base */ = {isa = PBXFileReference; lastKnownFileType = file.storyboard; name = Base; path = Base.lproj/Main.storyboard; sourceTree = "<group>"; };
		0443DC2F2726445A007397D6 /* Assets.xcassets */ = {isa = PBXFileReference; lastKnownFileType = folder.assetcatalog; path = Assets.xcassets; sourceTree = "<group>"; };
		0443DC322726445A007397D6 /* Base */ = {isa = PBXFileReference; lastKnownFileType = file.storyboard; name = Base; path = Base.lproj/LaunchScreen.storyboard; sourceTree = "<group>"; };
		0443DC342726445A007397D6 /* Info.plist */ = {isa = PBXFileReference; lastKnownFileType = text.plist.xml; path = Info.plist; sourceTree = "<group>"; };
		0443DC40272687BE007397D6 /* OpenWeatherMapViewController.swift */ = {isa = PBXFileReference; lastKnownFileType = sourcecode.swift; path = OpenWeatherMapViewController.swift; sourceTree = "<group>"; };
		0443DC422726C629007397D6 /* AlertExtension.swift */ = {isa = PBXFileReference; lastKnownFileType = sourcecode.swift; path = AlertExtension.swift; sourceTree = "<group>"; };
		0443DC6E27278525007397D6 /* ViewController.swift */ = {isa = PBXFileReference; lastKnownFileType = sourcecode.swift; path = ViewController.swift; sourceTree = "<group>"; };
		0443DC72272786D1007397D6 /* NewViewController.swift */ = {isa = PBXFileReference; lastKnownFileType = sourcecode.swift; path = NewViewController.swift; sourceTree = "<group>"; };
		0443DC742727927A007397D6 /* PapagoViewController.swift */ = {isa = PBXFileReference; lastKnownFileType = sourcecode.swift; path = PapagoViewController.swift; sourceTree = "<group>"; };
		048E30E52728EA5300F95A43 /* KakaoViewController.swift */ = {isa = PBXFileReference; lastKnownFileType = sourcecode.swift; path = KakaoViewController.swift; sourceTree = "<group>"; };
		048E30E72728EAB000F95A43 /* Constants.swift */ = {isa = PBXFileReference; lastKnownFileType = sourcecode.swift; path = Constants.swift; sourceTree = "<group>"; };
		048E30E92728EC7100F95A43 /* VisionAPIManager.swift */ = {isa = PBXFileReference; lastKnownFileType = sourcecode.swift; path = VisionAPIManager.swift; sourceTree = "<group>"; };
/* End PBXFileReference section */

/* Begin PBXFrameworksBuildPhase section */
		0443DC2027264457007397D6 /* Frameworks */ = {
			isa = PBXFrameworksBuildPhase;
			buildActionMask = 2147483647;
			files = (
				048E30E42727F10500F95A43 /* Kingfisher in Frameworks */,
				0443DC3F272644F7007397D6 /* SwiftyJSON in Frameworks */,
				0443DC3C272644A8007397D6 /* Alamofire in Frameworks */,
			);
			runOnlyForDeploymentPostprocessing = 0;
		};
/* End PBXFrameworksBuildPhase section */

/* Begin PBXGroup section */
		0443DC1A27264457007397D6 = {
			isa = PBXGroup;
			children = (
				0443DC2527264457007397D6 /* SeSSAC-WEEK5-CLASS */,
				0443DC2427264457007397D6 /* Products */,
			);
			sourceTree = "<group>";
		};
		0443DC2427264457007397D6 /* Products */ = {
			isa = PBXGroup;
			children = (
				0443DC2327264457007397D6 /* SeSSAC-WEEK5-CLASS.app */,
			);
			name = Products;
			sourceTree = "<group>";
		};
		0443DC2527264457007397D6 /* SeSSAC-WEEK5-CLASS */ = {
			isa = PBXGroup;
			children = (
				0443DC2627264457007397D6 /* AppDelegate.swift */,
				0443DC6E27278525007397D6 /* ViewController.swift */,
				0443DC2827264457007397D6 /* SceneDelegate.swift */,
				0443DC2C27264457007397D6 /* Main.storyboard */,
				048E30E92728EC7100F95A43 /* VisionAPIManager.swift */,
				048E30E72728EAB000F95A43 /* Constants.swift */,
				048E30E52728EA5300F95A43 /* KakaoViewController.swift */,
				0443DC742727927A007397D6 /* PapagoViewController.swift */,
				04418984272930E300E30ADD /* PapagoAPIManager.swift */,
				0443DC40272687BE007397D6 /* OpenWeatherMapViewController.swift */,
				0443DC72272786D1007397D6 /* NewViewController.swift */,
				0443DC422726C629007397D6 /* AlertExtension.swift */,
				0443DC2F2726445A007397D6 /* Assets.xcassets */,
				0443DC312726445A007397D6 /* LaunchScreen.storyboard */,
				0443DC342726445A007397D6 /* Info.plist */,
			);
			path = "SeSSAC-WEEK5-CLASS";
			sourceTree = "<group>";
		};
/* End PBXGroup section */

/* Begin PBXNativeTarget section */
		0443DC2227264457007397D6 /* SeSSAC-WEEK5-CLASS */ = {
			isa = PBXNativeTarget;
			buildConfigurationList = 0443DC372726445A007397D6 /* Build configuration list for PBXNativeTarget "SeSSAC-WEEK5-CLASS" */;
			buildPhases = (
				0443DC1F27264457007397D6 /* Sources */,
				0443DC2027264457007397D6 /* Frameworks */,
				0443DC2127264457007397D6 /* Resources */,
			);
			buildRules = (
			);
			dependencies = (
			);
			name = "SeSSAC-WEEK5-CLASS";
			packageProductDependencies = (
				0443DC3B272644A8007397D6 /* Alamofire */,
				0443DC3E272644F7007397D6 /* SwiftyJSON */,
				048E30E32727F10500F95A43 /* Kingfisher */,
			);
			productName = "SeSSAC-WEEK5-CLASS";
			productReference = 0443DC2327264457007397D6 /* SeSSAC-WEEK5-CLASS.app */;
			productType = "com.apple.product-type.application";
		};
/* End PBXNativeTarget section */

/* Begin PBXProject section */
		0443DC1B27264457007397D6 /* Project object */ = {
			isa = PBXProject;
			attributes = {
				BuildIndependentTargetsInParallel = 1;
				LastSwiftUpdateCheck = 1300;
				LastUpgradeCheck = 1300;
				TargetAttributes = {
					0443DC2227264457007397D6 = {
						CreatedOnToolsVersion = 13.0;
					};
				};
			};
			buildConfigurationList = 0443DC1E27264457007397D6 /* Build configuration list for PBXProject "SeSSAC-WEEK5-CLASS" */;
			compatibilityVersion = "Xcode 13.0";
			developmentRegion = en;
			hasScannedForEncodings = 0;
			knownRegions = (
				en,
				Base,
			);
			mainGroup = 0443DC1A27264457007397D6;
			packageReferences = (
				0443DC3A272644A8007397D6 /* XCRemoteSwiftPackageReference "Alamofire" */,
				0443DC3D272644F7007397D6 /* XCRemoteSwiftPackageReference "SwiftyJSON" */,
				048E30E22727F10500F95A43 /* XCRemoteSwiftPackageReference "Kingfisher" */,
			);
			productRefGroup = 0443DC2427264457007397D6 /* Products */;
			projectDirPath = "";
			projectRoot = "";
			targets = (
				0443DC2227264457007397D6 /* SeSSAC-WEEK5-CLASS */,
			);
		};
/* End PBXProject section */

/* Begin PBXResourcesBuildPhase section */
		0443DC2127264457007397D6 /* Resources */ = {
			isa = PBXResourcesBuildPhase;
			buildActionMask = 2147483647;
			files = (
				0443DC332726445A007397D6 /* LaunchScreen.storyboard in Resources */,
				0443DC302726445A007397D6 /* Assets.xcassets in Resources */,
				0443DC2E27264457007397D6 /* Main.storyboard in Resources */,
			);
			runOnlyForDeploymentPostprocessing = 0;
		};
/* End PBXResourcesBuildPhase section */

/* Begin PBXSourcesBuildPhase section */
		0443DC1F27264457007397D6 /* Sources */ = {
			isa = PBXSourcesBuildPhase;
			buildActionMask = 2147483647;
			files = (
				0443DC6F27278525007397D6 /* ViewController.swift in Sources */,
				04418985272930E300E30ADD /* PapagoAPIManager.swift in Sources */,
				0443DC752727927A007397D6 /* PapagoViewController.swift in Sources */,
				048E30E62728EA5300F95A43 /* KakaoViewController.swift in Sources */,
				0443DC432726C629007397D6 /* AlertExtension.swift in Sources */,
				0443DC41272687BE007397D6 /* OpenWeatherMapViewController.swift in Sources */,
				0443DC73272786D1007397D6 /* NewViewController.swift in Sources */,
				048E30EA2728EC7100F95A43 /* VisionAPIManager.swift in Sources */,
				0443DC2727264457007397D6 /* AppDelegate.swift in Sources */,
				0443DC2927264457007397D6 /* SceneDelegate.swift in Sources */,
				048E30E82728EAB000F95A43 /* Constants.swift in Sources */,
			);
			runOnlyForDeploymentPostprocessing = 0;
		};
/* End PBXSourcesBuildPhase section */

/* Begin PBXVariantGroup section */
		0443DC2C27264457007397D6 /* Main.storyboard */ = {
			isa = PBXVariantGroup;
			children = (
				0443DC2D27264457007397D6 /* Base */,
			);
			name = Main.storyboard;
			sourceTree = "<group>";
		};
		0443DC312726445A007397D6 /* LaunchScreen.storyboard */ = {
			isa = PBXVariantGroup;
			children = (
				0443DC322726445A007397D6 /* Base */,
			);
			name = LaunchScreen.storyboard;
			sourceTree = "<group>";
		};
/* End PBXVariantGroup section */

/* Begin XCBuildConfiguration section */
		0443DC352726445A007397D6 /* Debug */ = {
			isa = XCBuildConfiguration;
			buildSettings = {
				ALWAYS_SEARCH_USER_PATHS = NO;
				CLANG_ANALYZER_NONNULL = YES;
				CLANG_ANALYZER_NUMBER_OBJECT_CONVERSION = YES_AGGRESSIVE;
				CLANG_CXX_LANGUAGE_STANDARD = "gnu++17";
				CLANG_CXX_LIBRARY = "libc++";
				CLANG_ENABLE_MODULES = YES;
				CLANG_ENABLE_OBJC_ARC = YES;
				CLANG_ENABLE_OBJC_WEAK = YES;
				CLANG_WARN_BLOCK_CAPTURE_AUTORELEASING = YES;
				CLANG_WARN_BOOL_CONVERSION = YES;
				CLANG_WARN_COMMA = YES;
				CLANG_WARN_CONSTANT_CONVERSION = YES;
				CLANG_WARN_DEPRECATED_OBJC_IMPLEMENTATIONS = YES;
				CLANG_WARN_DIRECT_OBJC_ISA_USAGE = YES_ERROR;
				CLANG_WARN_DOCUMENTATION_COMMENTS = YES;
				CLANG_WARN_EMPTY_BODY = YES;
				CLANG_WARN_ENUM_CONVERSION = YES;
				CLANG_WARN_INFINITE_RECURSION = YES;
				CLANG_WARN_INT_CONVERSION = YES;
				CLANG_WARN_NON_LITERAL_NULL_CONVERSION = YES;
				CLANG_WARN_OBJC_IMPLICIT_RETAIN_SELF = YES;
				CLANG_WARN_OBJC_LITERAL_CONVERSION = YES;
				CLANG_WARN_OBJC_ROOT_CLASS = YES_ERROR;
				CLANG_WARN_QUOTED_INCLUDE_IN_FRAMEWORK_HEADER = YES;
				CLANG_WARN_RANGE_LOOP_ANALYSIS = YES;
				CLANG_WARN_STRICT_PROTOTYPES = YES;
				CLANG_WARN_SUSPICIOUS_MOVE = YES;
				CLANG_WARN_UNGUARDED_AVAILABILITY = YES_AGGRESSIVE;
				CLANG_WARN_UNREACHABLE_CODE = YES;
				CLANG_WARN__DUPLICATE_METHOD_MATCH = YES;
				COPY_PHASE_STRIP = NO;
				DEBUG_INFORMATION_FORMAT = dwarf;
				ENABLE_STRICT_OBJC_MSGSEND = YES;
				ENABLE_TESTABILITY = YES;
				GCC_C_LANGUAGE_STANDARD = gnu11;
				GCC_DYNAMIC_NO_PIC = NO;
				GCC_NO_COMMON_BLOCKS = YES;
				GCC_OPTIMIZATION_LEVEL = 0;
				GCC_PREPROCESSOR_DEFINITIONS = (
					"DEBUG=1",
					"$(inherited)",
				);
				GCC_WARN_64_TO_32_BIT_CONVERSION = YES;
				GCC_WARN_ABOUT_RETURN_TYPE = YES_ERROR;
				GCC_WARN_UNDECLARED_SELECTOR = YES;
				GCC_WARN_UNINITIALIZED_AUTOS = YES_AGGRESSIVE;
				GCC_WARN_UNUSED_FUNCTION = YES;
				GCC_WARN_UNUSED_VARIABLE = YES;
				IPHONEOS_DEPLOYMENT_TARGET = 15.0;
				MTL_ENABLE_DEBUG_INFO = INCLUDE_SOURCE;
				MTL_FAST_MATH = YES;
				ONLY_ACTIVE_ARCH = YES;
				SDKROOT = iphoneos;
				SWIFT_ACTIVE_COMPILATION_CONDITIONS = DEBUG;
				SWIFT_OPTIMIZATION_LEVEL = "-Onone";
			};
			name = Debug;
		};
		0443DC362726445A007397D6 /* Release */ = {
			isa = XCBuildConfiguration;
			buildSettings = {
				ALWAYS_SEARCH_USER_PATHS = NO;
				CLANG_ANALYZER_NONNULL = YES;
				CLANG_ANALYZER_NUMBER_OBJECT_CONVERSION = YES_AGGRESSIVE;
				CLANG_CXX_LANGUAGE_STANDARD = "gnu++17";
				CLANG_CXX_LIBRARY = "libc++";
				CLANG_ENABLE_MODULES = YES;
				CLANG_ENABLE_OBJC_ARC = YES;
				CLANG_ENABLE_OBJC_WEAK = YES;
				CLANG_WARN_BLOCK_CAPTURE_AUTORELEASING = YES;
				CLANG_WARN_BOOL_CONVERSION = YES;
				CLANG_WARN_COMMA = YES;
				CLANG_WARN_CONSTANT_CONVERSION = YES;
				CLANG_WARN_DEPRECATED_OBJC_IMPLEMENTATIONS = YES;
				CLANG_WARN_DIRECT_OBJC_ISA_USAGE = YES_ERROR;
				CLANG_WARN_DOCUMENTATION_COMMENTS = YES;
				CLANG_WARN_EMPTY_BODY = YES;
				CLANG_WARN_ENUM_CONVERSION = YES;
				CLANG_WARN_INFINITE_RECURSION = YES;
				CLANG_WARN_INT_CONVERSION = YES;
				CLANG_WARN_NON_LITERAL_NULL_CONVERSION = YES;
				CLANG_WARN_OBJC_IMPLICIT_RETAIN_SELF = YES;
				CLANG_WARN_OBJC_LITERAL_CONVERSION = YES;
				CLANG_WARN_OBJC_ROOT_CLASS = YES_ERROR;
				CLANG_WARN_QUOTED_INCLUDE_IN_FRAMEWORK_HEADER = YES;
				CLANG_WARN_RANGE_LOOP_ANALYSIS = YES;
				CLANG_WARN_STRICT_PROTOTYPES = YES;
				CLANG_WARN_SUSPICIOUS_MOVE = YES;
				CLANG_WARN_UNGUARDED_AVAILABILITY = YES_AGGRESSIVE;
				CLANG_WARN_UNREACHABLE_CODE = YES;
				CLANG_WARN__DUPLICATE_METHOD_MATCH = YES;
				COPY_PHASE_STRIP = NO;
				DEBUG_INFORMATION_FORMAT = "dwarf-with-dsym";
				ENABLE_NS_ASSERTIONS = NO;
				ENABLE_STRICT_OBJC_MSGSEND = YES;
				GCC_C_LANGUAGE_STANDARD = gnu11;
				GCC_NO_COMMON_BLOCKS = YES;
				GCC_WARN_64_TO_32_BIT_CONVERSION = YES;
				GCC_WARN_ABOUT_RETURN_TYPE = YES_ERROR;
				GCC_WARN_UNDECLARED_SELECTOR = YES;
				GCC_WARN_UNINITIALIZED_AUTOS = YES_AGGRESSIVE;
				GCC_WARN_UNUSED_FUNCTION = YES;
				GCC_WARN_UNUSED_VARIABLE = YES;
				IPHONEOS_DEPLOYMENT_TARGET = 15.0;
				MTL_ENABLE_DEBUG_INFO = NO;
				MTL_FAST_MATH = YES;
				SDKROOT = iphoneos;
				SWIFT_COMPILATION_MODE = wholemodule;
				SWIFT_OPTIMIZATION_LEVEL = "-O";
				VALIDATE_PRODUCT = YES;
			};
			name = Release;
		};
		0443DC382726445A007397D6 /* Debug */ = {
			isa = XCBuildConfiguration;
			buildSettings = {
				ASSETCATALOG_COMPILER_APPICON_NAME = AppIcon;
				ASSETCATALOG_COMPILER_GLOBAL_ACCENT_COLOR_NAME = AccentColor;
				CODE_SIGN_STYLE = Automatic;
				CURRENT_PROJECT_VERSION = 1;
				DEVELOPMENT_TEAM = 75QD4ZR23L;
				GENERATE_INFOPLIST_FILE = YES;
				INFOPLIST_FILE = "SeSSAC-WEEK5-CLASS/Info.plist";
				INFOPLIST_KEY_UIApplicationSupportsIndirectInputEvents = YES;
				INFOPLIST_KEY_UILaunchStoryboardName = LaunchScreen;
				INFOPLIST_KEY_UIMainStoryboardFile = Main;
				INFOPLIST_KEY_UISupportedInterfaceOrientations_iPad = "UIInterfaceOrientationPortrait UIInterfaceOrientationPortraitUpsideDown UIInterfaceOrientationLandscapeLeft UIInterfaceOrientationLandscapeRight";
				INFOPLIST_KEY_UISupportedInterfaceOrientations_iPhone = "UIInterfaceOrientationPortrait UIInterfaceOrientationLandscapeLeft UIInterfaceOrientationLandscapeRight";
				LD_RUNPATH_SEARCH_PATHS = (
					"$(inherited)",
					"@executable_path/Frameworks",
				);
				MARKETING_VERSION = 1.0;
				PRODUCT_BUNDLE_IDENTIFIER = "com.ssac.SeSSAC-WEEK5-CLASS";
				PRODUCT_NAME = "$(TARGET_NAME)";
				SWIFT_EMIT_LOC_STRINGS = YES;
				SWIFT_VERSION = 5.0;
				TARGETED_DEVICE_FAMILY = "1,2";
			};
			name = Debug;
		};
		0443DC392726445A007397D6 /* Release */ = {
			isa = XCBuildConfiguration;
			buildSettings = {
				ASSETCATALOG_COMPILER_APPICON_NAME = AppIcon;
				ASSETCATALOG_COMPILER_GLOBAL_ACCENT_COLOR_NAME = AccentColor;
				CODE_SIGN_STYLE = Automatic;
				CURRENT_PROJECT_VERSION = 1;
				DEVELOPMENT_TEAM = 75QD4ZR23L;
				GENERATE_INFOPLIST_FILE = YES;
				INFOPLIST_FILE = "SeSSAC-WEEK5-CLASS/Info.plist";
				INFOPLIST_KEY_UIApplicationSupportsIndirectInputEvents = YES;
				INFOPLIST_KEY_UILaunchStoryboardName = LaunchScreen;
				INFOPLIST_KEY_UIMainStoryboardFile = Main;
				INFOPLIST_KEY_UISupportedInterfaceOrientations_iPad = "UIInterfaceOrientationPortrait UIInterfaceOrientationPortraitUpsideDown UIInterfaceOrientationLandscapeLeft UIInterfaceOrientationLandscapeRight";
				INFOPLIST_KEY_UISupportedInterfaceOrientations_iPhone = "UIInterfaceOrientationPortrait UIInterfaceOrientationLandscapeLeft UIInterfaceOrientationLandscapeRight";
				LD_RUNPATH_SEARCH_PATHS = (
					"$(inherited)",
					"@executable_path/Frameworks",
				);
				MARKETING_VERSION = 1.0;
				PRODUCT_BUNDLE_IDENTIFIER = "com.ssac.SeSSAC-WEEK5-CLASS";
				PRODUCT_NAME = "$(TARGET_NAME)";
				SWIFT_EMIT_LOC_STRINGS = YES;
				SWIFT_VERSION = 5.0;
				TARGETED_DEVICE_FAMILY = "1,2";
			};
			name = Release;
		};
/* End XCBuildConfiguration section */

/* Begin XCConfigurationList section */
		0443DC1E27264457007397D6 /* Build configuration list for PBXProject "SeSSAC-WEEK5-CLASS" */ = {
			isa = XCConfigurationList;
			buildConfigurations = (
				0443DC352726445A007397D6 /* Debug */,
				0443DC362726445A007397D6 /* Release */,
			);
			defaultConfigurationIsVisible = 0;
			defaultConfigurationName = Release;
		};
		0443DC372726445A007397D6 /* Build configuration list for PBXNativeTarget "SeSSAC-WEEK5-CLASS" */ = {
			isa = XCConfigurationList;
			buildConfigurations = (
				0443DC382726445A007397D6 /* Debug */,
				0443DC392726445A007397D6 /* Release */,
			);
			defaultConfigurationIsVisible = 0;
			defaultConfigurationName = Release;
		};
/* End XCConfigurationList section */

/* Begin XCRemoteSwiftPackageReference section */
		0443DC3A272644A8007397D6 /* XCRemoteSwiftPackageReference "Alamofire" */ = {
			isa = XCRemoteSwiftPackageReference;
			repositoryURL = "https://github.com/Alamofire/Alamofire.git";
			requirement = {
				kind = upToNextMajorVersion;
				minimumVersion = 5.0.0;
			};
		};
		0443DC3D272644F7007397D6 /* XCRemoteSwiftPackageReference "SwiftyJSON" */ = {
			isa = XCRemoteSwiftPackageReference;
			repositoryURL = "https://github.com/SwiftyJSON/SwiftyJSON";
			requirement = {
				kind = exactVersion;
				version = 5.0.0;
			};
		};
		048E30E22727F10500F95A43 /* XCRemoteSwiftPackageReference "Kingfisher" */ = {
			isa = XCRemoteSwiftPackageReference;
			repositoryURL = "https://github.com/onevcat/Kingfisher.git";
			requirement = {
				branch = master;
				kind = branch;
			};
		};
/* End XCRemoteSwiftPackageReference section */

/* Begin XCSwiftPackageProductDependency section */
		0443DC3B272644A8007397D6 /* Alamofire */ = {
			isa = XCSwiftPackageProductDependency;
			package = 0443DC3A272644A8007397D6 /* XCRemoteSwiftPackageReference "Alamofire" */;
			productName = Alamofire;
		};
		0443DC3E272644F7007397D6 /* SwiftyJSON */ = {
			isa = XCSwiftPackageProductDependency;
			package = 0443DC3D272644F7007397D6 /* XCRemoteSwiftPackageReference "SwiftyJSON" */;
			productName = SwiftyJSON;
		};
		048E30E32727F10500F95A43 /* Kingfisher */ = {
			isa = XCSwiftPackageProductDependency;
			package = 048E30E22727F10500F95A43 /* XCRemoteSwiftPackageReference "Kingfisher" */;
			productName = Kingfisher;
		};
/* End XCSwiftPackageProductDependency section */
	};
	rootObject = 0443DC1B27264457007397D6 /* Project object */;
}
